// !$*UTF8*$!
{
	archiveVersion = 1;
	classes = {
	};
	objectVersion = 56;
	objects = {

/* Begin PBXBuildFile section */
		D305243A2B8A78A800201548 /* FollowersError.swift in Sources */ = {isa = PBXBuildFile; fileRef = D30524392B8A78A800201548 /* FollowersError.swift */; };
		D305243C2B8A78CE00201548 /* Constants.swift in Sources */ = {isa = PBXBuildFile; fileRef = D305243B2B8A78CE00201548 /* Constants.swift */; };
		D305243E2B8A78FC00201548 /* UserInfoHeaderView.swift in Sources */ = {isa = PBXBuildFile; fileRef = D305243D2B8A78FC00201548 /* UserInfoHeaderView.swift */; };
		D30524412B8A7C1C00201548 /* SecondaryTitleLabel.swift in Sources */ = {isa = PBXBuildFile; fileRef = D30524402B8A7C1C00201548 /* SecondaryTitleLabel.swift */; };
		D311C67B2BA6C5E00031D694 /* ImageLoader.swift in Sources */ = {isa = PBXBuildFile; fileRef = D311C67A2BA6C5E00031D694 /* ImageLoader.swift */; };
		D321C74F2B7FC6AE00FD912A /* CustomAlertView.swift in Sources */ = {isa = PBXBuildFile; fileRef = D321C74E2B7FC6AE00FD912A /* CustomAlertView.swift */; };
		D321C7512B7FC8CC00FD912A /* TitleLabel.swift in Sources */ = {isa = PBXBuildFile; fileRef = D321C7502B7FC8CC00FD912A /* TitleLabel.swift */; };
		D321C7532B7FC8DB00FD912A /* BodyLabel.swift in Sources */ = {isa = PBXBuildFile; fileRef = D321C7522B7FC8DB00FD912A /* BodyLabel.swift */; };
		D32DE1CC2B8D09F300441DB3 /* PersistenceManager.swift in Sources */ = {isa = PBXBuildFile; fileRef = D32DE1CB2B8D09F300441DB3 /* PersistenceManager.swift */; };
		D32DE1CE2B8D0EFD00441DB3 /* SFSafariWebView.swift in Sources */ = {isa = PBXBuildFile; fileRef = D32DE1CD2B8D0EFD00441DB3 /* SFSafariWebView.swift */; };
		D32FC56D2B526C06009A8597 /* FollowersApp.swift in Sources */ = {isa = PBXBuildFile; fileRef = D32FC56C2B526C06009A8597 /* FollowersApp.swift */; };
		D32FC56F2B526C06009A8597 /* ContentView.swift in Sources */ = {isa = PBXBuildFile; fileRef = D32FC56E2B526C06009A8597 /* ContentView.swift */; };
		D32FC5712B526C08009A8597 /* Assets.xcassets in Resources */ = {isa = PBXBuildFile; fileRef = D32FC5702B526C08009A8597 /* Assets.xcassets */; };
		D32FC5742B526C08009A8597 /* Preview Assets.xcassets in Resources */ = {isa = PBXBuildFile; fileRef = D32FC5732B526C08009A8597 /* Preview Assets.xcassets */; };
		D32FC57B2B526C4E009A8597 /* SearchView.swift in Sources */ = {isa = PBXBuildFile; fileRef = D32FC57A2B526C4E009A8597 /* SearchView.swift */; };
		D32FC57D2B526C64009A8597 /* FavoritesListView.swift in Sources */ = {isa = PBXBuildFile; fileRef = D32FC57C2B526C64009A8597 /* FavoritesListView.swift */; };
		D32FC57F2B526C7A009A8597 /* FollowersButton.swift in Sources */ = {isa = PBXBuildFile; fileRef = D32FC57E2B526C7A009A8597 /* FollowersButton.swift */; };
		D32FC5812B526C8D009A8597 /* CustomTextField.swift in Sources */ = {isa = PBXBuildFile; fileRef = D32FC5802B526C8D009A8597 /* CustomTextField.swift */; };
		D341D33F2B86037D00F2891C /* AvatarImageView.swift in Sources */ = {isa = PBXBuildFile; fileRef = D341D33E2B86037D00F2891C /* AvatarImageView.swift */; };
		D341D34E2B86093700F2891C /* FollowersViewModelTests.swift in Sources */ = {isa = PBXBuildFile; fileRef = D341D34D2B86093700F2891C /* FollowersViewModelTests.swift */; };
		D341D3502B86155F00F2891C /* MockNetworkManager.swift in Sources */ = {isa = PBXBuildFile; fileRef = D341D34F2B86155F00F2891C /* MockNetworkManager.swift */; };
		D341D3532B861E8800F2891C /* TestData.swift in Sources */ = {isa = PBXBuildFile; fileRef = D341D3512B86159D00F2891C /* TestData.swift */; };
		D3643C332B873CA40069DAEB /* LoadingView.swift in Sources */ = {isa = PBXBuildFile; fileRef = D3643C322B873CA40069DAEB /* LoadingView.swift */; };
		D385001E2BA8A0D200AD7768 /* URLProtocolStub.swift in Sources */ = {isa = PBXBuildFile; fileRef = D385001D2BA8A0D200AD7768 /* URLProtocolStub.swift */; };
		D38500202BA8A0E800AD7768 /* URLSessionExtension.swift in Sources */ = {isa = PBXBuildFile; fileRef = D385001F2BA8A0E800AD7768 /* URLSessionExtension.swift */; };
		D3BABAE52B8DE4DB000430A7 /* FavoritesViewModel.swift in Sources */ = {isa = PBXBuildFile; fileRef = D3BABAE42B8DE4DB000430A7 /* FavoritesViewModel.swift */; };
		D3BABAE92B8DF036000430A7 /* View+Followers.swift in Sources */ = {isa = PBXBuildFile; fileRef = D3BABAE82B8DF036000430A7 /* View+Followers.swift */; };
		D3C09FA82B8B5291009F891C /* RepoItemView.swift in Sources */ = {isa = PBXBuildFile; fileRef = D3C09FA72B8B5291009F891C /* RepoItemView.swift */; };
		D3C09FAA2B8B52A3009F891C /* FollowerItemView.swift in Sources */ = {isa = PBXBuildFile; fileRef = D3C09FA92B8B52A3009F891C /* FollowerItemView.swift */; };
		D3C09FAC2B8B52B6009F891C /* ItemInfoView.swift in Sources */ = {isa = PBXBuildFile; fileRef = D3C09FAB2B8B52B6009F891C /* ItemInfoView.swift */; };
		D3C09FB02B8B6154009F891C /* String+Followers.swift in Sources */ = {isa = PBXBuildFile; fileRef = D3C09FAF2B8B6154009F891C /* String+Followers.swift */; };
		D3C09FB22B8B6161009F891C /* Date+Followers.swift in Sources */ = {isa = PBXBuildFile; fileRef = D3C09FB12B8B6161009F891C /* Date+Followers.swift */; };
		D3C474042B82153000923160 /* NetworkManager.swift in Sources */ = {isa = PBXBuildFile; fileRef = D3C474032B82153000923160 /* NetworkManager.swift */; };
		D3C474072B82154B00923160 /* User.swift in Sources */ = {isa = PBXBuildFile; fileRef = D3C474062B82154B00923160 /* User.swift */; };
		D3C474092B82155800923160 /* Follower.swift in Sources */ = {isa = PBXBuildFile; fileRef = D3C474082B82155800923160 /* Follower.swift */; };
		D3C4740E2B821D9C00923160 /* FollowersViewModel.swift in Sources */ = {isa = PBXBuildFile; fileRef = D3C4740D2B821D9C00923160 /* FollowersViewModel.swift */; };
		D3CE8C382B89E94E004AA8F6 /* EmptyStateView.swift in Sources */ = {isa = PBXBuildFile; fileRef = D3CE8C372B89E94E004AA8F6 /* EmptyStateView.swift */; };
		D3CE8C3E2B8A3C59004AA8F6 /* UserInfoView.swift in Sources */ = {isa = PBXBuildFile; fileRef = D3CE8C3D2B8A3C59004AA8F6 /* UserInfoView.swift */; };
		D3CE8C402B8A3D55004AA8F6 /* UserInfoViewModel.swift in Sources */ = {isa = PBXBuildFile; fileRef = D3CE8C3F2B8A3D55004AA8F6 /* UserInfoViewModel.swift */; };
		D3D8B4592B8F9A29004AF1B9 /* ImageCache.swift in Sources */ = {isa = PBXBuildFile; fileRef = D3D8B4582B8F9A29004AF1B9 /* ImageCache.swift */; };
		D3F8B8492B5837C10083B040 /* FollowerListView.swift in Sources */ = {isa = PBXBuildFile; fileRef = D3F8B8482B5837C10083B040 /* FollowerListView.swift */; };
/* End PBXBuildFile section */

/* Begin PBXContainerItemProxy section */
		D341D3482B8608F300F2891C /* PBXContainerItemProxy */ = {
			isa = PBXContainerItemProxy;
			containerPortal = D32FC5612B526C06009A8597 /* Project object */;
			proxyType = 1;
			remoteGlobalIDString = D32FC5682B526C06009A8597;
			remoteInfo = Followers;
		};
/* End PBXContainerItemProxy section */

/* Begin PBXFileReference section */
		D30524392B8A78A800201548 /* FollowersError.swift */ = {isa = PBXFileReference; lastKnownFileType = sourcecode.swift; path = FollowersError.swift; sourceTree = "<group>"; };
		D305243B2B8A78CE00201548 /* Constants.swift */ = {isa = PBXFileReference; lastKnownFileType = sourcecode.swift; path = Constants.swift; sourceTree = "<group>"; };
		D305243D2B8A78FC00201548 /* UserInfoHeaderView.swift */ = {isa = PBXFileReference; lastKnownFileType = sourcecode.swift; path = UserInfoHeaderView.swift; sourceTree = "<group>"; };
		D30524402B8A7C1C00201548 /* SecondaryTitleLabel.swift */ = {isa = PBXFileReference; lastKnownFileType = sourcecode.swift; path = SecondaryTitleLabel.swift; sourceTree = "<group>"; };
		D311C67A2BA6C5E00031D694 /* ImageLoader.swift */ = {isa = PBXFileReference; lastKnownFileType = sourcecode.swift; path = ImageLoader.swift; sourceTree = "<group>"; };
		D321C74E2B7FC6AE00FD912A /* CustomAlertView.swift */ = {isa = PBXFileReference; lastKnownFileType = sourcecode.swift; path = CustomAlertView.swift; sourceTree = "<group>"; };
		D321C7502B7FC8CC00FD912A /* TitleLabel.swift */ = {isa = PBXFileReference; lastKnownFileType = sourcecode.swift; path = TitleLabel.swift; sourceTree = "<group>"; };
		D321C7522B7FC8DB00FD912A /* BodyLabel.swift */ = {isa = PBXFileReference; lastKnownFileType = sourcecode.swift; path = BodyLabel.swift; sourceTree = "<group>"; };
		D32DE1CB2B8D09F300441DB3 /* PersistenceManager.swift */ = {isa = PBXFileReference; lastKnownFileType = sourcecode.swift; path = PersistenceManager.swift; sourceTree = "<group>"; };
		D32DE1CD2B8D0EFD00441DB3 /* SFSafariWebView.swift */ = {isa = PBXFileReference; lastKnownFileType = sourcecode.swift; path = SFSafariWebView.swift; sourceTree = "<group>"; };
		D32FC5692B526C06009A8597 /* Followers.app */ = {isa = PBXFileReference; explicitFileType = wrapper.application; includeInIndex = 0; path = Followers.app; sourceTree = BUILT_PRODUCTS_DIR; };
		D32FC56C2B526C06009A8597 /* FollowersApp.swift */ = {isa = PBXFileReference; lastKnownFileType = sourcecode.swift; path = FollowersApp.swift; sourceTree = "<group>"; };
		D32FC56E2B526C06009A8597 /* ContentView.swift */ = {isa = PBXFileReference; lastKnownFileType = sourcecode.swift; path = ContentView.swift; sourceTree = "<group>"; };
		D32FC5702B526C08009A8597 /* Assets.xcassets */ = {isa = PBXFileReference; lastKnownFileType = folder.assetcatalog; path = Assets.xcassets; sourceTree = "<group>"; };
		D32FC5732B526C08009A8597 /* Preview Assets.xcassets */ = {isa = PBXFileReference; lastKnownFileType = folder.assetcatalog; path = "Preview Assets.xcassets"; sourceTree = "<group>"; };
		D32FC57A2B526C4E009A8597 /* SearchView.swift */ = {isa = PBXFileReference; lastKnownFileType = sourcecode.swift; path = SearchView.swift; sourceTree = "<group>"; };
		D32FC57C2B526C64009A8597 /* FavoritesListView.swift */ = {isa = PBXFileReference; lastKnownFileType = sourcecode.swift; path = FavoritesListView.swift; sourceTree = "<group>"; };
		D32FC57E2B526C7A009A8597 /* FollowersButton.swift */ = {isa = PBXFileReference; lastKnownFileType = sourcecode.swift; path = FollowersButton.swift; sourceTree = "<group>"; };
		D32FC5802B526C8D009A8597 /* CustomTextField.swift */ = {isa = PBXFileReference; lastKnownFileType = sourcecode.swift; path = CustomTextField.swift; sourceTree = "<group>"; };
		D341D33E2B86037D00F2891C /* AvatarImageView.swift */ = {isa = PBXFileReference; lastKnownFileType = sourcecode.swift; path = AvatarImageView.swift; sourceTree = "<group>"; };
		D341D3442B8608F300F2891C /* FollowersTests.xctest */ = {isa = PBXFileReference; explicitFileType = wrapper.cfbundle; includeInIndex = 0; path = FollowersTests.xctest; sourceTree = BUILT_PRODUCTS_DIR; };
		D341D34D2B86093700F2891C /* FollowersViewModelTests.swift */ = {isa = PBXFileReference; lastKnownFileType = sourcecode.swift; path = FollowersViewModelTests.swift; sourceTree = "<group>"; };
		D341D34F2B86155F00F2891C /* MockNetworkManager.swift */ = {isa = PBXFileReference; lastKnownFileType = sourcecode.swift; path = MockNetworkManager.swift; sourceTree = "<group>"; };
		D341D3512B86159D00F2891C /* TestData.swift */ = {isa = PBXFileReference; lastKnownFileType = sourcecode.swift; path = TestData.swift; sourceTree = "<group>"; };
		D3643C322B873CA40069DAEB /* LoadingView.swift */ = {isa = PBXFileReference; lastKnownFileType = sourcecode.swift; path = LoadingView.swift; sourceTree = "<group>"; };
		D385001D2BA8A0D200AD7768 /* URLProtocolStub.swift */ = {isa = PBXFileReference; lastKnownFileType = sourcecode.swift; path = URLProtocolStub.swift; sourceTree = "<group>"; };
		D385001F2BA8A0E800AD7768 /* URLSessionExtension.swift */ = {isa = PBXFileReference; lastKnownFileType = sourcecode.swift; path = URLSessionExtension.swift; sourceTree = "<group>"; };
		D3BABAE42B8DE4DB000430A7 /* FavoritesViewModel.swift */ = {isa = PBXFileReference; lastKnownFileType = sourcecode.swift; path = FavoritesViewModel.swift; sourceTree = "<group>"; };
		D3BABAE82B8DF036000430A7 /* View+Followers.swift */ = {isa = PBXFileReference; lastKnownFileType = sourcecode.swift; path = "View+Followers.swift"; sourceTree = "<group>"; };
		D3C09FA72B8B5291009F891C /* RepoItemView.swift */ = {isa = PBXFileReference; lastKnownFileType = sourcecode.swift; path = RepoItemView.swift; sourceTree = "<group>"; };
		D3C09FA92B8B52A3009F891C /* FollowerItemView.swift */ = {isa = PBXFileReference; lastKnownFileType = sourcecode.swift; path = FollowerItemView.swift; sourceTree = "<group>"; };
		D3C09FAB2B8B52B6009F891C /* ItemInfoView.swift */ = {isa = PBXFileReference; lastKnownFileType = sourcecode.swift; path = ItemInfoView.swift; sourceTree = "<group>"; };
		D3C09FAF2B8B6154009F891C /* String+Followers.swift */ = {isa = PBXFileReference; lastKnownFileType = sourcecode.swift; path = "String+Followers.swift"; sourceTree = "<group>"; };
		D3C09FB12B8B6161009F891C /* Date+Followers.swift */ = {isa = PBXFileReference; lastKnownFileType = sourcecode.swift; path = "Date+Followers.swift"; sourceTree = "<group>"; };
		D3C474032B82153000923160 /* NetworkManager.swift */ = {isa = PBXFileReference; lastKnownFileType = sourcecode.swift; path = NetworkManager.swift; sourceTree = "<group>"; };
		D3C474062B82154B00923160 /* User.swift */ = {isa = PBXFileReference; lastKnownFileType = sourcecode.swift; path = User.swift; sourceTree = "<group>"; };
		D3C474082B82155800923160 /* Follower.swift */ = {isa = PBXFileReference; lastKnownFileType = sourcecode.swift; path = Follower.swift; sourceTree = "<group>"; };
		D3C4740D2B821D9C00923160 /* FollowersViewModel.swift */ = {isa = PBXFileReference; lastKnownFileType = sourcecode.swift; path = FollowersViewModel.swift; sourceTree = "<group>"; };
		D3CE8C372B89E94E004AA8F6 /* EmptyStateView.swift */ = {isa = PBXFileReference; lastKnownFileType = sourcecode.swift; path = EmptyStateView.swift; sourceTree = "<group>"; };
		D3CE8C3D2B8A3C59004AA8F6 /* UserInfoView.swift */ = {isa = PBXFileReference; lastKnownFileType = sourcecode.swift; path = UserInfoView.swift; sourceTree = "<group>"; };
		D3CE8C3F2B8A3D55004AA8F6 /* UserInfoViewModel.swift */ = {isa = PBXFileReference; lastKnownFileType = sourcecode.swift; path = UserInfoViewModel.swift; sourceTree = "<group>"; };
		D3D8B4582B8F9A29004AF1B9 /* ImageCache.swift */ = {isa = PBXFileReference; lastKnownFileType = sourcecode.swift; path = ImageCache.swift; sourceTree = "<group>"; };
		D3F8B8482B5837C10083B040 /* FollowerListView.swift */ = {isa = PBXFileReference; lastKnownFileType = sourcecode.swift; path = FollowerListView.swift; sourceTree = "<group>"; };
/* End PBXFileReference section */

/* Begin PBXFrameworksBuildPhase section */
		D32FC5662B526C06009A8597 /* Frameworks */ = {
			isa = PBXFrameworksBuildPhase;
			buildActionMask = 2147483647;
			files = (
			);
			runOnlyForDeploymentPostprocessing = 0;
		};
		D341D3412B8608F300F2891C /* Frameworks */ = {
			isa = PBXFrameworksBuildPhase;
			buildActionMask = 2147483647;
			files = (
			);
			runOnlyForDeploymentPostprocessing = 0;
		};
/* End PBXFrameworksBuildPhase section */

/* Begin PBXGroup section */
		D305243F2B8A7BF900201548 /* TextFields */ = {
			isa = PBXGroup;
			children = (
				D32FC5802B526C8D009A8597 /* CustomTextField.swift */,
			);
			path = TextFields;
			sourceTree = "<group>";
		};
		D31203DF2BAB473F00876525 /* Utilities */ = {
			isa = PBXGroup;
			children = (
			);
			path = Utilities;
			sourceTree = "<group>";
		};
		D31C161D2B96459600B29976 /* Model */ = {
			isa = PBXGroup;
			children = (
				D341D34D2B86093700F2891C /* FollowersViewModelTests.swift */,
			);
			path = Model;
			sourceTree = "<group>";
		};
		D321C7542B7FD12500FD912A /* Extensions */ = {
			isa = PBXGroup;
			children = (
				D3C09FAF2B8B6154009F891C /* String+Followers.swift */,
				D3C09FB12B8B6161009F891C /* Date+Followers.swift */,
				D3BABAE82B8DF036000430A7 /* View+Followers.swift */,
			);
			path = Extensions;
			sourceTree = "<group>";
		};
		D32FC5602B526C06009A8597 = {
			isa = PBXGroup;
			children = (
				D32FC56B2B526C06009A8597 /* Followers */,
				D341D3452B8608F300F2891C /* FollowersTests */,
				D32FC56A2B526C06009A8597 /* Products */,
			);
			sourceTree = "<group>";
		};
		D32FC56A2B526C06009A8597 /* Products */ = {
			isa = PBXGroup;
			children = (
				D32FC5692B526C06009A8597 /* Followers.app */,
				D341D3442B8608F300F2891C /* FollowersTests.xctest */,
			);
			name = Products;
			sourceTree = "<group>";
		};
		D32FC56B2B526C06009A8597 /* Followers */ = {
			isa = PBXGroup;
			children = (
				D3C4740B2B821D0500923160 /* App */,
				D32FC56E2B526C06009A8597 /* ContentView.swift */,
				D3C4740C2B821D4A00923160 /* Custom Views */,
				D321C7542B7FD12500FD912A /* Extensions */,
				D3C474022B82152000923160 /* Managers */,
				D3C474052B82153500923160 /* Model */,
				D3C4740A2B821CF400923160 /* Screens */,
				D35C17DF2B85111C00504450 /* Utilities */,
				D32FC5722B526C08009A8597 /* Preview Content */,
				D32FC5702B526C08009A8597 /* Assets.xcassets */,
			);
			path = Followers;
			sourceTree = "<group>";
		};
		D32FC5722B526C08009A8597 /* Preview Content */ = {
			isa = PBXGroup;
			children = (
				D341D3512B86159D00F2891C /* TestData.swift */,
				D32FC5732B526C08009A8597 /* Preview Assets.xcassets */,
			);
			path = "Preview Content";
			sourceTree = "<group>";
		};
		D341D3452B8608F300F2891C /* FollowersTests */ = {
			isa = PBXGroup;
			children = (
				D31203DF2BAB473F00876525 /* Utilities */,
				D385001C2BA89E9C00AD7768 /* Managers */,
				D31C161D2B96459600B29976 /* Model */,
			);
			path = FollowersTests;
			sourceTree = "<group>";
		};
		D35C17DF2B85111C00504450 /* Utilities */ = {
			isa = PBXGroup;
			children = (
				D3D8B4582B8F9A29004AF1B9 /* ImageCache.swift */,
				D311C67A2BA6C5E00031D694 /* ImageLoader.swift */,
				D30524392B8A78A800201548 /* FollowersError.swift */,
				D305243B2B8A78CE00201548 /* Constants.swift */,
				D385001D2BA8A0D200AD7768 /* URLProtocolStub.swift */,
				D385001F2BA8A0E800AD7768 /* URLSessionExtension.swift */,
			);
			path = Utilities;
			sourceTree = "<group>";
		};
		D385001C2BA89E9C00AD7768 /* Managers */ = {
			isa = PBXGroup;
			children = (
			);
			path = Managers;
			sourceTree = "<group>";
		};
		D3A7D42E2B8F0AED00C12EBF /* Labels */ = {
			isa = PBXGroup;
			children = (
				D321C7502B7FC8CC00FD912A /* TitleLabel.swift */,
				D321C7522B7FC8DB00FD912A /* BodyLabel.swift */,
				D30524402B8A7C1C00201548 /* SecondaryTitleLabel.swift */,
			);
			path = Labels;
			sourceTree = "<group>";
		};
		D3A7D42F2B8F0AFB00C12EBF /* Buttons */ = {
			isa = PBXGroup;
			children = (
				D32FC57E2B526C7A009A8597 /* FollowersButton.swift */,
			);
			path = Buttons;
			sourceTree = "<group>";
		};
		D3A7D4302B8F0B1300C12EBF /* Images */ = {
			isa = PBXGroup;
			children = (
				D341D33E2B86037D00F2891C /* AvatarImageView.swift */,
			);
			path = Images;
			sourceTree = "<group>";
		};
		D3C09FA62B8B5258009F891C /* ItemInfo */ = {
			isa = PBXGroup;
			children = (
				D3C09FA72B8B5291009F891C /* RepoItemView.swift */,
				D3C09FA92B8B52A3009F891C /* FollowerItemView.swift */,
				D3C09FAB2B8B52B6009F891C /* ItemInfoView.swift */,
			);
			path = ItemInfo;
			sourceTree = "<group>";
		};
		D3C474022B82152000923160 /* Managers */ = {
			isa = PBXGroup;
			children = (
				D3C474032B82153000923160 /* NetworkManager.swift */,
				D341D34F2B86155F00F2891C /* MockNetworkManager.swift */,
				D32DE1CB2B8D09F300441DB3 /* PersistenceManager.swift */,
			);
			path = Managers;
			sourceTree = "<group>";
		};
		D3C474052B82153500923160 /* Model */ = {
			isa = PBXGroup;
			children = (
				D3BABAE42B8DE4DB000430A7 /* FavoritesViewModel.swift */,
				D3C474082B82155800923160 /* Follower.swift */,
				D3C4740D2B821D9C00923160 /* FollowersViewModel.swift */,
				D3C474062B82154B00923160 /* User.swift */,
				D3CE8C3F2B8A3D55004AA8F6 /* UserInfoViewModel.swift */,
			);
			path = Model;
			sourceTree = "<group>";
		};
		D3C4740A2B821CF400923160 /* Screens */ = {
			isa = PBXGroup;
			children = (
				D32FC57A2B526C4E009A8597 /* SearchView.swift */,
				D3F8B8482B5837C10083B040 /* FollowerListView.swift */,
				D32FC57C2B526C64009A8597 /* FavoritesListView.swift */,
				D3CE8C3D2B8A3C59004AA8F6 /* UserInfoView.swift */,
			);
			path = Screens;
			sourceTree = "<group>";
		};
		D3C4740B2B821D0500923160 /* App */ = {
			isa = PBXGroup;
			children = (
				D32FC56C2B526C06009A8597 /* FollowersApp.swift */,
			);
			path = App;
			sourceTree = "<group>";
		};
		D3C4740C2B821D4A00923160 /* Custom Views */ = {
			isa = PBXGroup;
			children = (
				D3A7D42F2B8F0AFB00C12EBF /* Buttons */,
				D3A7D4302B8F0B1300C12EBF /* Images */,
				D3C09FA62B8B5258009F891C /* ItemInfo */,
				D3A7D42E2B8F0AED00C12EBF /* Labels */,
				D305243F2B8A7BF900201548 /* TextFields */,
				D3CE8C362B89E936004AA8F6 /* Views */,
			);
			path = "Custom Views";
			sourceTree = "<group>";
		};
		D3CE8C362B89E936004AA8F6 /* Views */ = {
			isa = PBXGroup;
			children = (
				D3643C322B873CA40069DAEB /* LoadingView.swift */,
				D321C74E2B7FC6AE00FD912A /* CustomAlertView.swift */,
				D3CE8C372B89E94E004AA8F6 /* EmptyStateView.swift */,
				D305243D2B8A78FC00201548 /* UserInfoHeaderView.swift */,
				D32DE1CD2B8D0EFD00441DB3 /* SFSafariWebView.swift */,
			);
			path = Views;
			sourceTree = "<group>";
		};
/* End PBXGroup section */

/* Begin PBXNativeTarget section */
		D32FC5682B526C06009A8597 /* Followers */ = {
			isa = PBXNativeTarget;
			buildConfigurationList = D32FC5772B526C08009A8597 /* Build configuration list for PBXNativeTarget "Followers" */;
			buildPhases = (
				D32FC5652B526C06009A8597 /* Sources */,
				D32FC5662B526C06009A8597 /* Frameworks */,
				D32FC5672B526C06009A8597 /* Resources */,
			);
			buildRules = (
			);
			dependencies = (
			);
			name = Followers;
			productName = Followers;
			productReference = D32FC5692B526C06009A8597 /* Followers.app */;
			productType = "com.apple.product-type.application";
		};
		D341D3432B8608F300F2891C /* FollowersTests */ = {
			isa = PBXNativeTarget;
			buildConfigurationList = D341D34A2B8608F300F2891C /* Build configuration list for PBXNativeTarget "FollowersTests" */;
			buildPhases = (
				D341D3402B8608F300F2891C /* Sources */,
				D341D3412B8608F300F2891C /* Frameworks */,
				D341D3422B8608F300F2891C /* Resources */,
			);
			buildRules = (
			);
			dependencies = (
				D341D3492B8608F300F2891C /* PBXTargetDependency */,
			);
			name = FollowersTests;
			productName = FollowersTests;
			productReference = D341D3442B8608F300F2891C /* FollowersTests.xctest */;
			productType = "com.apple.product-type.bundle.unit-test";
		};
/* End PBXNativeTarget section */

/* Begin PBXProject section */
		D32FC5612B526C06009A8597 /* Project object */ = {
			isa = PBXProject;
			attributes = {
				BuildIndependentTargetsInParallel = 1;
				LastSwiftUpdateCheck = 1520;
				LastUpgradeCheck = 1520;
				TargetAttributes = {
					D32FC5682B526C06009A8597 = {
						CreatedOnToolsVersion = 15.2;
					};
					D341D3432B8608F300F2891C = {
						CreatedOnToolsVersion = 15.2;
						TestTargetID = D32FC5682B526C06009A8597;
					};
				};
			};
			buildConfigurationList = D32FC5642B526C06009A8597 /* Build configuration list for PBXProject "Followers" */;
			compatibilityVersion = "Xcode 14.0";
			developmentRegion = en;
			hasScannedForEncodings = 0;
			knownRegions = (
				en,
				Base,
			);
			mainGroup = D32FC5602B526C06009A8597;
			productRefGroup = D32FC56A2B526C06009A8597 /* Products */;
			projectDirPath = "";
			projectRoot = "";
			targets = (
				D32FC5682B526C06009A8597 /* Followers */,
				D341D3432B8608F300F2891C /* FollowersTests */,
			);
		};
/* End PBXProject section */

/* Begin PBXResourcesBuildPhase section */
		D32FC5672B526C06009A8597 /* Resources */ = {
			isa = PBXResourcesBuildPhase;
			buildActionMask = 2147483647;
			files = (
				D32FC5742B526C08009A8597 /* Preview Assets.xcassets in Resources */,
				D32FC5712B526C08009A8597 /* Assets.xcassets in Resources */,
			);
			runOnlyForDeploymentPostprocessing = 0;
		};
		D341D3422B8608F300F2891C /* Resources */ = {
			isa = PBXResourcesBuildPhase;
			buildActionMask = 2147483647;
			files = (
			);
			runOnlyForDeploymentPostprocessing = 0;
		};
/* End PBXResourcesBuildPhase section */

/* Begin PBXSourcesBuildPhase section */
		D32FC5652B526C06009A8597 /* Sources */ = {
			isa = PBXSourcesBuildPhase;
			buildActionMask = 2147483647;
			files = (
				D32FC5812B526C8D009A8597 /* CustomTextField.swift in Sources */,
				D305243A2B8A78A800201548 /* FollowersError.swift in Sources */,
				D305243E2B8A78FC00201548 /* UserInfoHeaderView.swift in Sources */,
				D3F8B8492B5837C10083B040 /* FollowerListView.swift in Sources */,
				D32FC57D2B526C64009A8597 /* FavoritesListView.swift in Sources */,
				D3D8B4592B8F9A29004AF1B9 /* ImageCache.swift in Sources */,
				D32FC57F2B526C7A009A8597 /* FollowersButton.swift in Sources */,
				D3C474042B82153000923160 /* NetworkManager.swift in Sources */,
				D305243C2B8A78CE00201548 /* Constants.swift in Sources */,
				D3CE8C402B8A3D55004AA8F6 /* UserInfoViewModel.swift in Sources */,
				D3CE8C382B89E94E004AA8F6 /* EmptyStateView.swift in Sources */,
				D32FC56F2B526C06009A8597 /* ContentView.swift in Sources */,
				D321C74F2B7FC6AE00FD912A /* CustomAlertView.swift in Sources */,
				D3BABAE52B8DE4DB000430A7 /* FavoritesViewModel.swift in Sources */,
				D38500202BA8A0E800AD7768 /* URLSessionExtension.swift in Sources */,
				D311C67B2BA6C5E00031D694 /* ImageLoader.swift in Sources */,
				D3C474092B82155800923160 /* Follower.swift in Sources */,
				D3BABAE92B8DF036000430A7 /* View+Followers.swift in Sources */,
				D341D3532B861E8800F2891C /* TestData.swift in Sources */,
				D30524412B8A7C1C00201548 /* SecondaryTitleLabel.swift in Sources */,
				D321C7512B7FC8CC00FD912A /* TitleLabel.swift in Sources */,
				D3C474072B82154B00923160 /* User.swift in Sources */,
				D3C09FA82B8B5291009F891C /* RepoItemView.swift in Sources */,
				D341D3502B86155F00F2891C /* MockNetworkManager.swift in Sources */,
				D32DE1CC2B8D09F300441DB3 /* PersistenceManager.swift in Sources */,
				D3C09FB02B8B6154009F891C /* String+Followers.swift in Sources */,
				D32DE1CE2B8D0EFD00441DB3 /* SFSafariWebView.swift in Sources */,
				D3C09FAC2B8B52B6009F891C /* ItemInfoView.swift in Sources */,
				D3C4740E2B821D9C00923160 /* FollowersViewModel.swift in Sources */,
				D3CE8C3E2B8A3C59004AA8F6 /* UserInfoView.swift in Sources */,
				D3C09FB22B8B6161009F891C /* Date+Followers.swift in Sources */,
				D385001E2BA8A0D200AD7768 /* URLProtocolStub.swift in Sources */,
				D32FC57B2B526C4E009A8597 /* SearchView.swift in Sources */,
				D341D33F2B86037D00F2891C /* AvatarImageView.swift in Sources */,
				D32FC56D2B526C06009A8597 /* FollowersApp.swift in Sources */,
				D3643C332B873CA40069DAEB /* LoadingView.swift in Sources */,
				D3C09FAA2B8B52A3009F891C /* FollowerItemView.swift in Sources */,
				D321C7532B7FC8DB00FD912A /* BodyLabel.swift in Sources */,
			);
			runOnlyForDeploymentPostprocessing = 0;
		};
		D341D3402B8608F300F2891C /* Sources */ = {
			isa = PBXSourcesBuildPhase;
			buildActionMask = 2147483647;
			files = (
				D341D34E2B86093700F2891C /* FollowersViewModelTests.swift in Sources */,
			);
			runOnlyForDeploymentPostprocessing = 0;
		};
/* End PBXSourcesBuildPhase section */

/* Begin PBXTargetDependency section */
		D341D3492B8608F300F2891C /* PBXTargetDependency */ = {
			isa = PBXTargetDependency;
			target = D32FC5682B526C06009A8597 /* Followers */;
			targetProxy = D341D3482B8608F300F2891C /* PBXContainerItemProxy */;
		};
/* End PBXTargetDependency section */

/* Begin XCBuildConfiguration section */
		D32FC5752B526C08009A8597 /* Debug */ = {
			isa = XCBuildConfiguration;
			buildSettings = {
				ALWAYS_SEARCH_USER_PATHS = NO;
				ASSETCATALOG_COMPILER_GENERATE_SWIFT_ASSET_SYMBOL_EXTENSIONS = YES;
				CLANG_ANALYZER_NONNULL = YES;
				CLANG_ANALYZER_NUMBER_OBJECT_CONVERSION = YES_AGGRESSIVE;
				CLANG_CXX_LANGUAGE_STANDARD = "gnu++20";
				CLANG_ENABLE_MODULES = YES;
				CLANG_ENABLE_OBJC_ARC = YES;
				CLANG_ENABLE_OBJC_WEAK = YES;
				CLANG_WARN_BLOCK_CAPTURE_AUTORELEASING = YES;
				CLANG_WARN_BOOL_CONVERSION = YES;
				CLANG_WARN_COMMA = YES;
				CLANG_WARN_CONSTANT_CONVERSION = YES;
				CLANG_WARN_DEPRECATED_OBJC_IMPLEMENTATIONS = YES;
				CLANG_WARN_DIRECT_OBJC_ISA_USAGE = YES_ERROR;
				CLANG_WARN_DOCUMENTATION_COMMENTS = YES;
				CLANG_WARN_EMPTY_BODY = YES;
				CLANG_WARN_ENUM_CONVERSION = YES;
				CLANG_WARN_INFINITE_RECURSION = YES;
				CLANG_WARN_INT_CONVERSION = YES;
				CLANG_WARN_NON_LITERAL_NULL_CONVERSION = YES;
				CLANG_WARN_OBJC_IMPLICIT_RETAIN_SELF = YES;
				CLANG_WARN_OBJC_LITERAL_CONVERSION = YES;
				CLANG_WARN_OBJC_ROOT_CLASS = YES_ERROR;
				CLANG_WARN_QUOTED_INCLUDE_IN_FRAMEWORK_HEADER = YES;
				CLANG_WARN_RANGE_LOOP_ANALYSIS = YES;
				CLANG_WARN_STRICT_PROTOTYPES = YES;
				CLANG_WARN_SUSPICIOUS_MOVE = YES;
				CLANG_WARN_UNGUARDED_AVAILABILITY = YES_AGGRESSIVE;
				CLANG_WARN_UNREACHABLE_CODE = YES;
				CLANG_WARN__DUPLICATE_METHOD_MATCH = YES;
				COPY_PHASE_STRIP = NO;
				DEBUG_INFORMATION_FORMAT = dwarf;
				ENABLE_STRICT_OBJC_MSGSEND = YES;
				ENABLE_TESTABILITY = YES;
				ENABLE_USER_SCRIPT_SANDBOXING = YES;
				GCC_C_LANGUAGE_STANDARD = gnu17;
				GCC_DYNAMIC_NO_PIC = NO;
				GCC_NO_COMMON_BLOCKS = YES;
				GCC_OPTIMIZATION_LEVEL = 0;
				GCC_PREPROCESSOR_DEFINITIONS = (
					"DEBUG=1",
					"$(inherited)",
				);
				GCC_WARN_64_TO_32_BIT_CONVERSION = YES;
				GCC_WARN_ABOUT_RETURN_TYPE = YES_ERROR;
				GCC_WARN_UNDECLARED_SELECTOR = YES;
				GCC_WARN_UNINITIALIZED_AUTOS = YES_AGGRESSIVE;
				GCC_WARN_UNUSED_FUNCTION = YES;
				GCC_WARN_UNUSED_VARIABLE = YES;
				IPHONEOS_DEPLOYMENT_TARGET = 17.2;
				LOCALIZATION_PREFERS_STRING_CATALOGS = YES;
				MTL_ENABLE_DEBUG_INFO = INCLUDE_SOURCE;
				MTL_FAST_MATH = YES;
				ONLY_ACTIVE_ARCH = YES;
				SDKROOT = iphoneos;
				SWIFT_ACTIVE_COMPILATION_CONDITIONS = "DEBUG $(inherited)";
				SWIFT_OPTIMIZATION_LEVEL = "-Onone";
			};
			name = Debug;
		};
		D32FC5762B526C08009A8597 /* Release */ = {
			isa = XCBuildConfiguration;
			buildSettings = {
				ALWAYS_SEARCH_USER_PATHS = NO;
				ASSETCATALOG_COMPILER_GENERATE_SWIFT_ASSET_SYMBOL_EXTENSIONS = YES;
				CLANG_ANALYZER_NONNULL = YES;
				CLANG_ANALYZER_NUMBER_OBJECT_CONVERSION = YES_AGGRESSIVE;
				CLANG_CXX_LANGUAGE_STANDARD = "gnu++20";
				CLANG_ENABLE_MODULES = YES;
				CLANG_ENABLE_OBJC_ARC = YES;
				CLANG_ENABLE_OBJC_WEAK = YES;
				CLANG_WARN_BLOCK_CAPTURE_AUTORELEASING = YES;
				CLANG_WARN_BOOL_CONVERSION = YES;
				CLANG_WARN_COMMA = YES;
				CLANG_WARN_CONSTANT_CONVERSION = YES;
				CLANG_WARN_DEPRECATED_OBJC_IMPLEMENTATIONS = YES;
				CLANG_WARN_DIRECT_OBJC_ISA_USAGE = YES_ERROR;
				CLANG_WARN_DOCUMENTATION_COMMENTS = YES;
				CLANG_WARN_EMPTY_BODY = YES;
				CLANG_WARN_ENUM_CONVERSION = YES;
				CLANG_WARN_INFINITE_RECURSION = YES;
				CLANG_WARN_INT_CONVERSION = YES;
				CLANG_WARN_NON_LITERAL_NULL_CONVERSION = YES;
				CLANG_WARN_OBJC_IMPLICIT_RETAIN_SELF = YES;
				CLANG_WARN_OBJC_LITERAL_CONVERSION = YES;
				CLANG_WARN_OBJC_ROOT_CLASS = YES_ERROR;
				CLANG_WARN_QUOTED_INCLUDE_IN_FRAMEWORK_HEADER = YES;
				CLANG_WARN_RANGE_LOOP_ANALYSIS = YES;
				CLANG_WARN_STRICT_PROTOTYPES = YES;
				CLANG_WARN_SUSPICIOUS_MOVE = YES;
				CLANG_WARN_UNGUARDED_AVAILABILITY = YES_AGGRESSIVE;
				CLANG_WARN_UNREACHABLE_CODE = YES;
				CLANG_WARN__DUPLICATE_METHOD_MATCH = YES;
				COPY_PHASE_STRIP = NO;
				DEBUG_INFORMATION_FORMAT = "dwarf-with-dsym";
				ENABLE_NS_ASSERTIONS = NO;
				ENABLE_STRICT_OBJC_MSGSEND = YES;
				ENABLE_USER_SCRIPT_SANDBOXING = YES;
				GCC_C_LANGUAGE_STANDARD = gnu17;
				GCC_NO_COMMON_BLOCKS = YES;
				GCC_WARN_64_TO_32_BIT_CONVERSION = YES;
				GCC_WARN_ABOUT_RETURN_TYPE = YES_ERROR;
				GCC_WARN_UNDECLARED_SELECTOR = YES;
				GCC_WARN_UNINITIALIZED_AUTOS = YES_AGGRESSIVE;
				GCC_WARN_UNUSED_FUNCTION = YES;
				GCC_WARN_UNUSED_VARIABLE = YES;
				IPHONEOS_DEPLOYMENT_TARGET = 17.2;
				LOCALIZATION_PREFERS_STRING_CATALOGS = YES;
				MTL_ENABLE_DEBUG_INFO = NO;
				MTL_FAST_MATH = YES;
				SDKROOT = iphoneos;
				SWIFT_COMPILATION_MODE = wholemodule;
				VALIDATE_PRODUCT = YES;
			};
			name = Release;
		};
		D32FC5782B526C08009A8597 /* Debug */ = {
			isa = XCBuildConfiguration;
			buildSettings = {
				ASSETCATALOG_COMPILER_APPICON_NAME = AppIcon;
				ASSETCATALOG_COMPILER_GLOBAL_ACCENT_COLOR_NAME = AccentColor;
				CODE_SIGN_STYLE = Automatic;
				CURRENT_PROJECT_VERSION = 1;
				DEVELOPMENT_ASSET_PATHS = "\"Followers/Preview Content\"";
				DEVELOPMENT_TEAM = LKA4A6WMZA;
				ENABLE_PREVIEWS = YES;
				GENERATE_INFOPLIST_FILE = YES;
				INFOPLIST_KEY_UIApplicationSceneManifest_Generation = YES;
				INFOPLIST_KEY_UIApplicationSupportsIndirectInputEvents = YES;
				INFOPLIST_KEY_UILaunchScreen_Generation = YES;
				INFOPLIST_KEY_UISupportedInterfaceOrientations_iPad = "UIInterfaceOrientationPortrait UIInterfaceOrientationPortraitUpsideDown UIInterfaceOrientationLandscapeLeft UIInterfaceOrientationLandscapeRight";
				INFOPLIST_KEY_UISupportedInterfaceOrientations_iPhone = "UIInterfaceOrientationPortrait UIInterfaceOrientationLandscapeLeft UIInterfaceOrientationLandscapeRight";
				LD_RUNPATH_SEARCH_PATHS = (
					"$(inherited)",
					"@executable_path/Frameworks",
				);
				MARKETING_VERSION = 1.0;
				PRODUCT_BUNDLE_IDENTIFIER = eduard.Followers;
				PRODUCT_NAME = "$(TARGET_NAME)";
				SWIFT_EMIT_LOC_STRINGS = YES;
				SWIFT_VERSION = 5.0;
				TARGETED_DEVICE_FAMILY = "1,2";
			};
			name = Debug;
		};
		D32FC5792B526C08009A8597 /* Release */ = {
			isa = XCBuildConfiguration;
			buildSettings = {
				ASSETCATALOG_COMPILER_APPICON_NAME = AppIcon;
				ASSETCATALOG_COMPILER_GLOBAL_ACCENT_COLOR_NAME = AccentColor;
				CODE_SIGN_STYLE = Automatic;
				CURRENT_PROJECT_VERSION = 1;
				DEVELOPMENT_ASSET_PATHS = "\"Followers/Preview Content\"";
				DEVELOPMENT_TEAM = LKA4A6WMZA;
				ENABLE_PREVIEWS = YES;
				GENERATE_INFOPLIST_FILE = YES;
				INFOPLIST_KEY_UIApplicationSceneManifest_Generation = YES;
				INFOPLIST_KEY_UIApplicationSupportsIndirectInputEvents = YES;
				INFOPLIST_KEY_UILaunchScreen_Generation = YES;
				INFOPLIST_KEY_UISupportedInterfaceOrientations_iPad = "UIInterfaceOrientationPortrait UIInterfaceOrientationPortraitUpsideDown UIInterfaceOrientationLandscapeLeft UIInterfaceOrientationLandscapeRight";
				INFOPLIST_KEY_UISupportedInterfaceOrientations_iPhone = "UIInterfaceOrientationPortrait UIInterfaceOrientationLandscapeLeft UIInterfaceOrientationLandscapeRight";
				LD_RUNPATH_SEARCH_PATHS = (
					"$(inherited)",
					"@executable_path/Frameworks",
				);
				MARKETING_VERSION = 1.0;
				PRODUCT_BUNDLE_IDENTIFIER = eduard.Followers;
				PRODUCT_NAME = "$(TARGET_NAME)";
				SWIFT_EMIT_LOC_STRINGS = YES;
				SWIFT_VERSION = 5.0;
				TARGETED_DEVICE_FAMILY = "1,2";
			};
			name = Release;
		};
		D341D34B2B8608F300F2891C /* Debug */ = {
			isa = XCBuildConfiguration;
			buildSettings = {
				BUNDLE_LOADER = "$(TEST_HOST)";
				CODE_SIGN_STYLE = Automatic;
				CURRENT_PROJECT_VERSION = 1;
				DEVELOPMENT_TEAM = LKA4A6WMZA;
				GENERATE_INFOPLIST_FILE = YES;
				IPHONEOS_DEPLOYMENT_TARGET = 17.2;
				MACOSX_DEPLOYMENT_TARGET = 14.2;
				MARKETING_VERSION = 1.0;
				PRODUCT_BUNDLE_IDENTIFIER = com.eduard.FollowersTests;
				PRODUCT_NAME = "$(TARGET_NAME)";
				SDKROOT = auto;
				SUPPORTED_PLATFORMS = "iphoneos iphonesimulator macosx";
				SWIFT_EMIT_LOC_STRINGS = NO;
				SWIFT_VERSION = 5.0;
				TARGETED_DEVICE_FAMILY = "1,2";
				TEST_HOST = "$(BUILT_PRODUCTS_DIR)/Followers.app/$(BUNDLE_EXECUTABLE_FOLDER_PATH)/Followers";
			};
			name = Debug;
		};
		D341D34C2B8608F300F2891C /* Release */ = {
			isa = XCBuildConfiguration;
			buildSettings = {
				BUNDLE_LOADER = "$(TEST_HOST)";
				CODE_SIGN_STYLE = Automatic;
				CURRENT_PROJECT_VERSION = 1;
				DEVELOPMENT_TEAM = LKA4A6WMZA;
				GENERATE_INFOPLIST_FILE = YES;
				IPHONEOS_DEPLOYMENT_TARGET = 17.2;
				MACOSX_DEPLOYMENT_TARGET = 14.2;
				MARKETING_VERSION = 1.0;
				PRODUCT_BUNDLE_IDENTIFIER = com.eduard.FollowersTests;
				PRODUCT_NAME = "$(TARGET_NAME)";
				SDKROOT = auto;
				SUPPORTED_PLATFORMS = "iphoneos iphonesimulator macosx";
				SWIFT_EMIT_LOC_STRINGS = NO;
				SWIFT_VERSION = 5.0;
				TARGETED_DEVICE_FAMILY = "1,2";
				TEST_HOST = "$(BUILT_PRODUCTS_DIR)/Followers.app/$(BUNDLE_EXECUTABLE_FOLDER_PATH)/Followers";
			};
			name = Release;
		};
/* End XCBuildConfiguration section */

/* Begin XCConfigurationList section */
		D32FC5642B526C06009A8597 /* Build configuration list for PBXProject "Followers" */ = {
			isa = XCConfigurationList;
			buildConfigurations = (
				D32FC5752B526C08009A8597 /* Debug */,
				D32FC5762B526C08009A8597 /* Release */,
			);
			defaultConfigurationIsVisible = 0;
			defaultConfigurationName = Release;
		};
		D32FC5772B526C08009A8597 /* Build configuration list for PBXNativeTarget "Followers" */ = {
			isa = XCConfigurationList;
			buildConfigurations = (
				D32FC5782B526C08009A8597 /* Debug */,
				D32FC5792B526C08009A8597 /* Release */,
			);
			defaultConfigurationIsVisible = 0;
			defaultConfigurationName = Release;
		};
		D341D34A2B8608F300F2891C /* Build configuration list for PBXNativeTarget "FollowersTests" */ = {
			isa = XCConfigurationList;
			buildConfigurations = (
				D341D34B2B8608F300F2891C /* Debug */,
				D341D34C2B8608F300F2891C /* Release */,
			);
			defaultConfigurationIsVisible = 0;
			defaultConfigurationName = Release;
		};
/* End XCConfigurationList section */
	};
	rootObject = D32FC5612B526C06009A8597 /* Project object */;
}
